// !$*UTF8*$!
{
	archiveVersion = 1;
	classes = {
	};
	objectVersion = 56;
	objects = {

/* Begin PBXBuildFile section */
		1100896C29FD48D600E1ADFE /* ResultHistory.swift in Sources */ = {isa = PBXBuildFile; fileRef = 1100896B29FD48D600E1ADFE /* ResultHistory.swift */; };
		1100896E29FD48FB00E1ADFE /* ResultGraph.swift in Sources */ = {isa = PBXBuildFile; fileRef = 1100896D29FD48FB00E1ADFE /* ResultGraph.swift */; };
		1100897029FD492F00E1ADFE /* ResultDescription.swift in Sources */ = {isa = PBXBuildFile; fileRef = 1100896F29FD492F00E1ADFE /* ResultDescription.swift */; };
		1100897229FD495D00E1ADFE /* ResultPageView.swift in Sources */ = {isa = PBXBuildFile; fileRef = 1100897129FD495D00E1ADFE /* ResultPageView.swift */; };
		1100897629FD4CCF00E1ADFE /* PdfButtonTemplate.swift in Sources */ = {isa = PBXBuildFile; fileRef = 1100897529FD4CCF00E1ADFE /* PdfButtonTemplate.swift */; };
		1114513A2A02138E007D7D15 /* AppliedSuggestionPageView.swift in Sources */ = {isa = PBXBuildFile; fileRef = 111451392A02138E007D7D15 /* AppliedSuggestionPageView.swift */; };
		1114513D2A021FB1007D7D15 /* ComparisonStyle.swift in Sources */ = {isa = PBXBuildFile; fileRef = 1114513C2A021FB1007D7D15 /* ComparisonStyle.swift */; };
		11C3F9F52A0081130024C8AB /* CompatibilityPageView.swift in Sources */ = {isa = PBXBuildFile; fileRef = 11C3F9F42A0081130024C8AB /* CompatibilityPageView.swift */; };
		11C3F9F72A0081250024C8AB /* CompatibilityResult.swift in Sources */ = {isa = PBXBuildFile; fileRef = 11C3F9F62A0081250024C8AB /* CompatibilityResult.swift */; };
		11C3F9F92A0081370024C8AB /* CompatibilityHistory.swift in Sources */ = {isa = PBXBuildFile; fileRef = 11C3F9F82A0081370024C8AB /* CompatibilityHistory.swift */; };
		11C3F9FB2A0081550024C8AB /* CompatibilityInput.swift in Sources */ = {isa = PBXBuildFile; fileRef = 11C3F9FA2A0081550024C8AB /* CompatibilityInput.swift */; };
		4ADD3B8E29FD2B0A003C3BCF /* QuestionTemplate.swift in Sources */ = {isa = PBXBuildFile; fileRef = 4ADD3B8D29FD2B0A003C3BCF /* QuestionTemplate.swift */; };
		4ADD3B9029FD2B15003C3BCF /* BigButtonTemplate.swift in Sources */ = {isa = PBXBuildFile; fileRef = 4ADD3B8F29FD2B15003C3BCF /* BigButtonTemplate.swift */; };
		4ADD3B9229FD2B21003C3BCF /* TestPageView.swift in Sources */ = {isa = PBXBuildFile; fileRef = 4ADD3B9129FD2B21003C3BCF /* TestPageView.swift */; };
		4ADD3B9429FD2B2E003C3BCF /* HomeTestPageView.swift in Sources */ = {isa = PBXBuildFile; fileRef = 4ADD3B9329FD2B2E003C3BCF /* HomeTestPageView.swift */; };
		4ADD3B9629FD2B3B003C3BCF /* ProgressBarTemplate.swift in Sources */ = {isa = PBXBuildFile; fileRef = 4ADD3B9529FD2B3B003C3BCF /* ProgressBarTemplate.swift */; };
		4AFF4D0729FD1D8A00D05BD9 /* MC1_H2KApp.swift in Sources */ = {isa = PBXBuildFile; fileRef = 4AFF4D0629FD1D8A00D05BD9 /* MC1_H2KApp.swift */; };
		4AFF4D0929FD1D8A00D05BD9 /* ContentView.swift in Sources */ = {isa = PBXBuildFile; fileRef = 4AFF4D0829FD1D8A00D05BD9 /* ContentView.swift */; };
		4AFF4D0B29FD1D8B00D05BD9 /* Assets.xcassets in Resources */ = {isa = PBXBuildFile; fileRef = 4AFF4D0A29FD1D8B00D05BD9 /* Assets.xcassets */; };
		4AFF4D0E29FD1D8B00D05BD9 /* Preview Assets.xcassets in Resources */ = {isa = PBXBuildFile; fileRef = 4AFF4D0D29FD1D8B00D05BD9 /* Preview Assets.xcassets */; };
		8DC1C9E92A00C7230004A3C0 /* Home.swift in Sources */ = {isa = PBXBuildFile; fileRef = 8DC1C9E82A00C7230004A3C0 /* Home.swift */; };
/* End PBXBuildFile section */

/* Begin PBXFileReference section */
		1100896B29FD48D600E1ADFE /* ResultHistory.swift */ = {isa = PBXFileReference; lastKnownFileType = sourcecode.swift; path = ResultHistory.swift; sourceTree = "<group>"; };
		1100896D29FD48FB00E1ADFE /* ResultGraph.swift */ = {isa = PBXFileReference; lastKnownFileType = sourcecode.swift; path = ResultGraph.swift; sourceTree = "<group>"; };
		1100896F29FD492F00E1ADFE /* ResultDescription.swift */ = {isa = PBXFileReference; lastKnownFileType = sourcecode.swift; path = ResultDescription.swift; sourceTree = "<group>"; };
		1100897129FD495D00E1ADFE /* ResultPageView.swift */ = {isa = PBXFileReference; lastKnownFileType = sourcecode.swift; path = ResultPageView.swift; sourceTree = "<group>"; };
		1100897529FD4CCF00E1ADFE /* PdfButtonTemplate.swift */ = {isa = PBXFileReference; lastKnownFileType = sourcecode.swift; path = PdfButtonTemplate.swift; sourceTree = "<group>"; };
		111451392A02138E007D7D15 /* AppliedSuggestionPageView.swift */ = {isa = PBXFileReference; lastKnownFileType = sourcecode.swift; path = AppliedSuggestionPageView.swift; sourceTree = "<group>"; };
		1114513C2A021FB1007D7D15 /* ComparisonStyle.swift */ = {isa = PBXFileReference; lastKnownFileType = sourcecode.swift; path = ComparisonStyle.swift; sourceTree = "<group>"; };
		11C3F9F42A0081130024C8AB /* CompatibilityPageView.swift */ = {isa = PBXFileReference; lastKnownFileType = sourcecode.swift; path = CompatibilityPageView.swift; sourceTree = "<group>"; };
		11C3F9F62A0081250024C8AB /* CompatibilityResult.swift */ = {isa = PBXFileReference; lastKnownFileType = sourcecode.swift; path = CompatibilityResult.swift; sourceTree = "<group>"; };
		11C3F9F82A0081370024C8AB /* CompatibilityHistory.swift */ = {isa = PBXFileReference; lastKnownFileType = sourcecode.swift; path = CompatibilityHistory.swift; sourceTree = "<group>"; };
		11C3F9FA2A0081550024C8AB /* CompatibilityInput.swift */ = {isa = PBXFileReference; lastKnownFileType = sourcecode.swift; path = CompatibilityInput.swift; sourceTree = "<group>"; };
		4ADD3B8D29FD2B0A003C3BCF /* QuestionTemplate.swift */ = {isa = PBXFileReference; lastKnownFileType = sourcecode.swift; path = QuestionTemplate.swift; sourceTree = "<group>"; };
		4ADD3B8F29FD2B15003C3BCF /* BigButtonTemplate.swift */ = {isa = PBXFileReference; lastKnownFileType = sourcecode.swift; path = BigButtonTemplate.swift; sourceTree = "<group>"; };
		4ADD3B9129FD2B21003C3BCF /* TestPageView.swift */ = {isa = PBXFileReference; lastKnownFileType = sourcecode.swift; path = TestPageView.swift; sourceTree = "<group>"; };
		4ADD3B9329FD2B2E003C3BCF /* HomeTestPageView.swift */ = {isa = PBXFileReference; lastKnownFileType = sourcecode.swift; path = HomeTestPageView.swift; sourceTree = "<group>"; };
		4ADD3B9529FD2B3B003C3BCF /* ProgressBarTemplate.swift */ = {isa = PBXFileReference; lastKnownFileType = sourcecode.swift; path = ProgressBarTemplate.swift; sourceTree = "<group>"; };
		4AFF4D0329FD1D8A00D05BD9 /* MC1_H2K.app */ = {isa = PBXFileReference; explicitFileType = wrapper.application; includeInIndex = 0; path = MC1_H2K.app; sourceTree = BUILT_PRODUCTS_DIR; };
		4AFF4D0629FD1D8A00D05BD9 /* MC1_H2KApp.swift */ = {isa = PBXFileReference; lastKnownFileType = sourcecode.swift; path = MC1_H2KApp.swift; sourceTree = "<group>"; };
		4AFF4D0829FD1D8A00D05BD9 /* ContentView.swift */ = {isa = PBXFileReference; lastKnownFileType = sourcecode.swift; path = ContentView.swift; sourceTree = "<group>"; };
		4AFF4D0A29FD1D8B00D05BD9 /* Assets.xcassets */ = {isa = PBXFileReference; lastKnownFileType = folder.assetcatalog; path = Assets.xcassets; sourceTree = "<group>"; };
		4AFF4D0D29FD1D8B00D05BD9 /* Preview Assets.xcassets */ = {isa = PBXFileReference; lastKnownFileType = folder.assetcatalog; path = "Preview Assets.xcassets"; sourceTree = "<group>"; };
		8DC1C9E82A00C7230004A3C0 /* Home.swift */ = {isa = PBXFileReference; lastKnownFileType = sourcecode.swift; path = Home.swift; sourceTree = "<group>"; };
/* End PBXFileReference section */

/* Begin PBXFrameworksBuildPhase section */
		4AFF4D0029FD1D8A00D05BD9 /* Frameworks */ = {
			isa = PBXFrameworksBuildPhase;
			buildActionMask = 2147483647;
			files = (
			);
			runOnlyForDeploymentPostprocessing = 0;
		};
/* End PBXFrameworksBuildPhase section */

/* Begin PBXGroup section */
		1100896629FD474F00E1ADFE /* Result */ = {
			isa = PBXGroup;
			children = (
				1100896B29FD48D600E1ADFE /* ResultHistory.swift */,
				1100896F29FD492F00E1ADFE /* ResultDescription.swift */,
				1100896D29FD48FB00E1ADFE /* ResultGraph.swift */,
				1100897129FD495D00E1ADFE /* ResultPageView.swift */,
			);
			path = Result;
			sourceTree = "<group>";
		};
		111451382A021330007D7D15 /* AppliedSuggestions */ = {
			isa = PBXGroup;
			children = (
				111451392A02138E007D7D15 /* AppliedSuggestionPageView.swift */,
			);
			path = AppliedSuggestions;
			sourceTree = "<group>";
		};
		1114513B2A021F6D007D7D15 /* Component */ = {
			isa = PBXGroup;
			children = (
				1114513C2A021FB1007D7D15 /* ComparisonStyle.swift */,
			);
			path = Component;
			sourceTree = "<group>";
		};
		11C3F9F32A0081070024C8AB /* Compatibility */ = {
			isa = PBXGroup;
			children = (
				11C3F9F42A0081130024C8AB /* CompatibilityPageView.swift */,
				11C3F9FA2A0081550024C8AB /* CompatibilityInput.swift */,
				11C3F9F62A0081250024C8AB /* CompatibilityResult.swift */,
				11C3F9F82A0081370024C8AB /* CompatibilityHistory.swift */,
			);
			path = Compatibility;
			sourceTree = "<group>";
		};
		4AFF4CFA29FD1D8A00D05BD9 = {
			isa = PBXGroup;
			children = (
				4AFF4D0529FD1D8A00D05BD9 /* MC1_H2K */,
				4AFF4D0429FD1D8A00D05BD9 /* Products */,
			);
			sourceTree = "<group>";
		};
		4AFF4D0429FD1D8A00D05BD9 /* Products */ = {
			isa = PBXGroup;
			children = (
				4AFF4D0329FD1D8A00D05BD9 /* MC1_H2K.app */,
			);
			name = Products;
			sourceTree = "<group>";
		};
		4AFF4D0529FD1D8A00D05BD9 /* MC1_H2K */ = {
			isa = PBXGroup;
			children = (
				4AFF4D1629FD1DAC00D05BD9 /* ViewModel */,
				4AFF4D1529FD1DA700D05BD9 /* View */,
				4AFF4D1429FD1DA000D05BD9 /* Model */,
				4AFF4D0629FD1D8A00D05BD9 /* MC1_H2KApp.swift */,
				4AFF4D0829FD1D8A00D05BD9 /* ContentView.swift */,
				4AFF4D0A29FD1D8B00D05BD9 /* Assets.xcassets */,
				4AFF4D0C29FD1D8B00D05BD9 /* Preview Content */,
			);
			path = MC1_H2K;
			sourceTree = "<group>";
		};
		4AFF4D0C29FD1D8B00D05BD9 /* Preview Content */ = {
			isa = PBXGroup;
			children = (
				4AFF4D0D29FD1D8B00D05BD9 /* Preview Assets.xcassets */,
			);
			path = "Preview Content";
			sourceTree = "<group>";
		};
		4AFF4D1429FD1DA000D05BD9 /* Model */ = {
			isa = PBXGroup;
			children = (
			);
			path = Model;
			sourceTree = "<group>";
		};
		4AFF4D1529FD1DA700D05BD9 /* View */ = {
			isa = PBXGroup;
			children = (
				1114513B2A021F6D007D7D15 /* Component */,
				111451382A021330007D7D15 /* AppliedSuggestions */,
				11C3F9F32A0081070024C8AB /* Compatibility */,
				1100896629FD474F00E1ADFE /* Result */,
				4ADD3B8D29FD2B0A003C3BCF /* QuestionTemplate.swift */,
				4ADD3B8F29FD2B15003C3BCF /* BigButtonTemplate.swift */,
				4ADD3B9129FD2B21003C3BCF /* TestPageView.swift */,
				4ADD3B9329FD2B2E003C3BCF /* HomeTestPageView.swift */,
				4ADD3B9529FD2B3B003C3BCF /* ProgressBarTemplate.swift */,
				1100897529FD4CCF00E1ADFE /* PdfButtonTemplate.swift */,
				8DC1C9E82A00C7230004A3C0 /* Home.swift */,
			);
			path = View;
			sourceTree = "<group>";
		};
		4AFF4D1629FD1DAC00D05BD9 /* ViewModel */ = {
			isa = PBXGroup;
			children = (
			);
			path = ViewModel;
			sourceTree = "<group>";
		};
/* End PBXGroup section */

/* Begin PBXNativeTarget section */
		4AFF4D0229FD1D8A00D05BD9 /* MC1_H2K */ = {
			isa = PBXNativeTarget;
			buildConfigurationList = 4AFF4D1129FD1D8B00D05BD9 /* Build configuration list for PBXNativeTarget "MC1_H2K" */;
			buildPhases = (
				4AFF4CFF29FD1D8A00D05BD9 /* Sources */,
				4AFF4D0029FD1D8A00D05BD9 /* Frameworks */,
				4AFF4D0129FD1D8A00D05BD9 /* Resources */,
			);
			buildRules = (
			);
			dependencies = (
			);
			name = MC1_H2K;
			productName = MC1_H2K;
			productReference = 4AFF4D0329FD1D8A00D05BD9 /* MC1_H2K.app */;
			productType = "com.apple.product-type.application";
		};
/* End PBXNativeTarget section */

/* Begin PBXProject section */
		4AFF4CFB29FD1D8A00D05BD9 /* Project object */ = {
			isa = PBXProject;
			attributes = {
				BuildIndependentTargetsInParallel = 1;
				LastSwiftUpdateCheck = 1430;
				LastUpgradeCheck = 1430;
				TargetAttributes = {
					4AFF4D0229FD1D8A00D05BD9 = {
						CreatedOnToolsVersion = 14.3;
					};
				};
			};
			buildConfigurationList = 4AFF4CFE29FD1D8A00D05BD9 /* Build configuration list for PBXProject "MC1_H2K" */;
			compatibilityVersion = "Xcode 14.0";
			developmentRegion = en;
			hasScannedForEncodings = 0;
			knownRegions = (
				en,
				Base,
			);
			mainGroup = 4AFF4CFA29FD1D8A00D05BD9;
			productRefGroup = 4AFF4D0429FD1D8A00D05BD9 /* Products */;
			projectDirPath = "";
			projectRoot = "";
			targets = (
				4AFF4D0229FD1D8A00D05BD9 /* MC1_H2K */,
			);
		};
/* End PBXProject section */

/* Begin PBXResourcesBuildPhase section */
		4AFF4D0129FD1D8A00D05BD9 /* Resources */ = {
			isa = PBXResourcesBuildPhase;
			buildActionMask = 2147483647;
			files = (
				4AFF4D0E29FD1D8B00D05BD9 /* Preview Assets.xcassets in Resources */,
				4AFF4D0B29FD1D8B00D05BD9 /* Assets.xcassets in Resources */,
			);
			runOnlyForDeploymentPostprocessing = 0;
		};
/* End PBXResourcesBuildPhase section */

/* Begin PBXSourcesBuildPhase section */
		4AFF4CFF29FD1D8A00D05BD9 /* Sources */ = {
			isa = PBXSourcesBuildPhase;
			buildActionMask = 2147483647;
			files = (
				1100897629FD4CCF00E1ADFE /* PdfButtonTemplate.swift in Sources */,
				1100897229FD495D00E1ADFE /* ResultPageView.swift in Sources */,
				11C3F9F52A0081130024C8AB /* CompatibilityPageView.swift in Sources */,
				4ADD3B9029FD2B15003C3BCF /* BigButtonTemplate.swift in Sources */,
				4AFF4D0929FD1D8A00D05BD9 /* ContentView.swift in Sources */,
				1100896E29FD48FB00E1ADFE /* ResultGraph.swift in Sources */,
				4ADD3B9429FD2B2E003C3BCF /* HomeTestPageView.swift in Sources */,
				1114513A2A02138E007D7D15 /* AppliedSuggestionPageView.swift in Sources */,
				8DC1C9E92A00C7230004A3C0 /* Home.swift in Sources */,
				4ADD3B9629FD2B3B003C3BCF /* ProgressBarTemplate.swift in Sources */,
				1100897029FD492F00E1ADFE /* ResultDescription.swift in Sources */,
				11C3F9F72A0081250024C8AB /* CompatibilityResult.swift in Sources */,
				1100896C29FD48D600E1ADFE /* ResultHistory.swift in Sources */,
				1114513D2A021FB1007D7D15 /* ComparisonStyle.swift in Sources */,
				4ADD3B9229FD2B21003C3BCF /* TestPageView.swift in Sources */,
				4ADD3B8E29FD2B0A003C3BCF /* QuestionTemplate.swift in Sources */,
				11C3F9FB2A0081550024C8AB /* CompatibilityInput.swift in Sources */,
				4AFF4D0729FD1D8A00D05BD9 /* MC1_H2KApp.swift in Sources */,
				11C3F9F92A0081370024C8AB /* CompatibilityHistory.swift in Sources */,
			);
			runOnlyForDeploymentPostprocessing = 0;
		};
/* End PBXSourcesBuildPhase section */

/* Begin XCBuildConfiguration section */
		4AFF4D0F29FD1D8B00D05BD9 /* Debug */ = {
			isa = XCBuildConfiguration;
			buildSettings = {
				ALWAYS_SEARCH_USER_PATHS = NO;
				CLANG_ANALYZER_NONNULL = YES;
				CLANG_ANALYZER_NUMBER_OBJECT_CONVERSION = YES_AGGRESSIVE;
				CLANG_CXX_LANGUAGE_STANDARD = "gnu++20";
				CLANG_ENABLE_MODULES = YES;
				CLANG_ENABLE_OBJC_ARC = YES;
				CLANG_ENABLE_OBJC_WEAK = YES;
				CLANG_WARN_BLOCK_CAPTURE_AUTORELEASING = YES;
				CLANG_WARN_BOOL_CONVERSION = YES;
				CLANG_WARN_COMMA = YES;
				CLANG_WARN_CONSTANT_CONVERSION = YES;
				CLANG_WARN_DEPRECATED_OBJC_IMPLEMENTATIONS = YES;
				CLANG_WARN_DIRECT_OBJC_ISA_USAGE = YES_ERROR;
				CLANG_WARN_DOCUMENTATION_COMMENTS = YES;
				CLANG_WARN_EMPTY_BODY = YES;
				CLANG_WARN_ENUM_CONVERSION = YES;
				CLANG_WARN_INFINITE_RECURSION = YES;
				CLANG_WARN_INT_CONVERSION = YES;
				CLANG_WARN_NON_LITERAL_NULL_CONVERSION = YES;
				CLANG_WARN_OBJC_IMPLICIT_RETAIN_SELF = YES;
				CLANG_WARN_OBJC_LITERAL_CONVERSION = YES;
				CLANG_WARN_OBJC_ROOT_CLASS = YES_ERROR;
				CLANG_WARN_QUOTED_INCLUDE_IN_FRAMEWORK_HEADER = YES;
				CLANG_WARN_RANGE_LOOP_ANALYSIS = YES;
				CLANG_WARN_STRICT_PROTOTYPES = YES;
				CLANG_WARN_SUSPICIOUS_MOVE = YES;
				CLANG_WARN_UNGUARDED_AVAILABILITY = YES_AGGRESSIVE;
				CLANG_WARN_UNREACHABLE_CODE = YES;
				CLANG_WARN__DUPLICATE_METHOD_MATCH = YES;
				COPY_PHASE_STRIP = NO;
				DEBUG_INFORMATION_FORMAT = dwarf;
				ENABLE_STRICT_OBJC_MSGSEND = YES;
				ENABLE_TESTABILITY = YES;
				GCC_C_LANGUAGE_STANDARD = gnu11;
				GCC_DYNAMIC_NO_PIC = NO;
				GCC_NO_COMMON_BLOCKS = YES;
				GCC_OPTIMIZATION_LEVEL = 0;
				GCC_PREPROCESSOR_DEFINITIONS = (
					"DEBUG=1",
					"$(inherited)",
				);
				GCC_WARN_64_TO_32_BIT_CONVERSION = YES;
				GCC_WARN_ABOUT_RETURN_TYPE = YES_ERROR;
				GCC_WARN_UNDECLARED_SELECTOR = YES;
				GCC_WARN_UNINITIALIZED_AUTOS = YES_AGGRESSIVE;
				GCC_WARN_UNUSED_FUNCTION = YES;
				GCC_WARN_UNUSED_VARIABLE = YES;
				IPHONEOS_DEPLOYMENT_TARGET = 16.4;
				MTL_ENABLE_DEBUG_INFO = INCLUDE_SOURCE;
				MTL_FAST_MATH = YES;
				ONLY_ACTIVE_ARCH = YES;
				SDKROOT = iphoneos;
				SWIFT_ACTIVE_COMPILATION_CONDITIONS = DEBUG;
				SWIFT_OPTIMIZATION_LEVEL = "-Onone";
			};
			name = Debug;
		};
		4AFF4D1029FD1D8B00D05BD9 /* Release */ = {
			isa = XCBuildConfiguration;
			buildSettings = {
				ALWAYS_SEARCH_USER_PATHS = NO;
				CLANG_ANALYZER_NONNULL = YES;
				CLANG_ANALYZER_NUMBER_OBJECT_CONVERSION = YES_AGGRESSIVE;
				CLANG_CXX_LANGUAGE_STANDARD = "gnu++20";
				CLANG_ENABLE_MODULES = YES;
				CLANG_ENABLE_OBJC_ARC = YES;
				CLANG_ENABLE_OBJC_WEAK = YES;
				CLANG_WARN_BLOCK_CAPTURE_AUTORELEASING = YES;
				CLANG_WARN_BOOL_CONVERSION = YES;
				CLANG_WARN_COMMA = YES;
				CLANG_WARN_CONSTANT_CONVERSION = YES;
				CLANG_WARN_DEPRECATED_OBJC_IMPLEMENTATIONS = YES;
				CLANG_WARN_DIRECT_OBJC_ISA_USAGE = YES_ERROR;
				CLANG_WARN_DOCUMENTATION_COMMENTS = YES;
				CLANG_WARN_EMPTY_BODY = YES;
				CLANG_WARN_ENUM_CONVERSION = YES;
				CLANG_WARN_INFINITE_RECURSION = YES;
				CLANG_WARN_INT_CONVERSION = YES;
				CLANG_WARN_NON_LITERAL_NULL_CONVERSION = YES;
				CLANG_WARN_OBJC_IMPLICIT_RETAIN_SELF = YES;
				CLANG_WARN_OBJC_LITERAL_CONVERSION = YES;
				CLANG_WARN_OBJC_ROOT_CLASS = YES_ERROR;
				CLANG_WARN_QUOTED_INCLUDE_IN_FRAMEWORK_HEADER = YES;
				CLANG_WARN_RANGE_LOOP_ANALYSIS = YES;
				CLANG_WARN_STRICT_PROTOTYPES = YES;
				CLANG_WARN_SUSPICIOUS_MOVE = YES;
				CLANG_WARN_UNGUARDED_AVAILABILITY = YES_AGGRESSIVE;
				CLANG_WARN_UNREACHABLE_CODE = YES;
				CLANG_WARN__DUPLICATE_METHOD_MATCH = YES;
				COPY_PHASE_STRIP = NO;
				DEBUG_INFORMATION_FORMAT = "dwarf-with-dsym";
				ENABLE_NS_ASSERTIONS = NO;
				ENABLE_STRICT_OBJC_MSGSEND = YES;
				GCC_C_LANGUAGE_STANDARD = gnu11;
				GCC_NO_COMMON_BLOCKS = YES;
				GCC_WARN_64_TO_32_BIT_CONVERSION = YES;
				GCC_WARN_ABOUT_RETURN_TYPE = YES_ERROR;
				GCC_WARN_UNDECLARED_SELECTOR = YES;
				GCC_WARN_UNINITIALIZED_AUTOS = YES_AGGRESSIVE;
				GCC_WARN_UNUSED_FUNCTION = YES;
				GCC_WARN_UNUSED_VARIABLE = YES;
				IPHONEOS_DEPLOYMENT_TARGET = 16.4;
				MTL_ENABLE_DEBUG_INFO = NO;
				MTL_FAST_MATH = YES;
				SDKROOT = iphoneos;
				SWIFT_COMPILATION_MODE = wholemodule;
				SWIFT_OPTIMIZATION_LEVEL = "-O";
				VALIDATE_PRODUCT = YES;
			};
			name = Release;
		};
		4AFF4D1229FD1D8B00D05BD9 /* Debug */ = {
			isa = XCBuildConfiguration;
			buildSettings = {
				ASSETCATALOG_COMPILER_APPICON_NAME = AppIcon;
				ASSETCATALOG_COMPILER_GLOBAL_ACCENT_COLOR_NAME = AccentColor;
				CODE_SIGN_STYLE = Automatic;
				CURRENT_PROJECT_VERSION = 1;
				DEVELOPMENT_ASSET_PATHS = "\"MC1_H2K/Preview Content\"";
				DEVELOPMENT_TEAM = 4UQ7P64XP8;
				ENABLE_PREVIEWS = YES;
				GENERATE_INFOPLIST_FILE = YES;
				INFOPLIST_KEY_UIApplicationSceneManifest_Generation = YES;
				INFOPLIST_KEY_UIApplicationSupportsIndirectInputEvents = YES;
				INFOPLIST_KEY_UILaunchScreen_Generation = YES;
				INFOPLIST_KEY_UISupportedInterfaceOrientations_iPad = "UIInterfaceOrientationPortrait UIInterfaceOrientationPortraitUpsideDown UIInterfaceOrientationLandscapeLeft UIInterfaceOrientationLandscapeRight";
				INFOPLIST_KEY_UISupportedInterfaceOrientations_iPhone = "UIInterfaceOrientationPortrait UIInterfaceOrientationLandscapeLeft UIInterfaceOrientationLandscapeRight";
				IPHONEOS_DEPLOYMENT_TARGET = 16.0;
				LD_RUNPATH_SEARCH_PATHS = (
					"$(inherited)",
					"@executable_path/Frameworks",
				);
				MARKETING_VERSION = 1.0;
				PRODUCT_BUNDLE_IDENTIFIER = "nypnop.MC1-H2K";
				PRODUCT_NAME = "$(TARGET_NAME)";
				SWIFT_EMIT_LOC_STRINGS = YES;
				SWIFT_VERSION = 5.0;
				TARGETED_DEVICE_FAMILY = "1,2";
			};
			name = Debug;
		};
		4AFF4D1329FD1D8B00D05BD9 /* Release */ = {
			isa = XCBuildConfiguration;
			buildSettings = {
				ASSETCATALOG_COMPILER_APPICON_NAME = AppIcon;
				ASSETCATALOG_COMPILER_GLOBAL_ACCENT_COLOR_NAME = AccentColor;
				CODE_SIGN_STYLE = Automatic;
				CURRENT_PROJECT_VERSION = 1;
				DEVELOPMENT_ASSET_PATHS = "\"MC1_H2K/Preview Content\"";
				DEVELOPMENT_TEAM = 4UQ7P64XP8;
				ENABLE_PREVIEWS = YES;
				GENERATE_INFOPLIST_FILE = YES;
				INFOPLIST_KEY_UIApplicationSceneManifest_Generation = YES;
				INFOPLIST_KEY_UIApplicationSupportsIndirectInputEvents = YES;
				INFOPLIST_KEY_UILaunchScreen_Generation = YES;
				INFOPLIST_KEY_UISupportedInterfaceOrientations_iPad = "UIInterfaceOrientationPortrait UIInterfaceOrientationPortraitUpsideDown UIInterfaceOrientationLandscapeLeft UIInterfaceOrientationLandscapeRight";
				INFOPLIST_KEY_UISupportedInterfaceOrientations_iPhone = "UIInterfaceOrientationPortrait UIInterfaceOrientationLandscapeLeft UIInterfaceOrientationLandscapeRight";
				IPHONEOS_DEPLOYMENT_TARGET = 16.0;
				LD_RUNPATH_SEARCH_PATHS = (
					"$(inherited)",
					"@executable_path/Frameworks",
				);
				MARKETING_VERSION = 1.0;
				PRODUCT_BUNDLE_IDENTIFIER = "nypnop.MC1-H2K";
				PRODUCT_NAME = "$(TARGET_NAME)";
				SWIFT_EMIT_LOC_STRINGS = YES;
				SWIFT_VERSION = 5.0;
				TARGETED_DEVICE_FAMILY = "1,2";
			};
			name = Release;
		};
/* End XCBuildConfiguration section */

/* Begin XCConfigurationList section */
		4AFF4CFE29FD1D8A00D05BD9 /* Build configuration list for PBXProject "MC1_H2K" */ = {
			isa = XCConfigurationList;
			buildConfigurations = (
				4AFF4D0F29FD1D8B00D05BD9 /* Debug */,
				4AFF4D1029FD1D8B00D05BD9 /* Release */,
			);
			defaultConfigurationIsVisible = 0;
			defaultConfigurationName = Release;
		};
		4AFF4D1129FD1D8B00D05BD9 /* Build configuration list for PBXNativeTarget "MC1_H2K" */ = {
			isa = XCConfigurationList;
			buildConfigurations = (
				4AFF4D1229FD1D8B00D05BD9 /* Debug */,
				4AFF4D1329FD1D8B00D05BD9 /* Release */,
			);
			defaultConfigurationIsVisible = 0;
			defaultConfigurationName = Release;
		};
/* End XCConfigurationList section */
	};
	rootObject = 4AFF4CFB29FD1D8A00D05BD9 /* Project object */;
}
